
Microsoft Visual Studio Solution File, Format Version 12.00
# Visual Studio 15
VisualStudioVersion = 15.0.27428.2015
MinimumVisualStudioVersion = 10.0.40219.1
Project("{FAE04EC0-301F-11D3-BF4B-00C04F79EFBC}") = "ContactLibrary", "ContactLibrary\ContactLibrary.csproj", "{F3765DEB-4FB4-4ADA-BF99-8AC04DB8C404}"
EndProject
Project("{FAE04EC0-301F-11D3-BF4B-00C04F79EFBC}") = "ContactClient", "ContactClient\ContactClient.csproj", "{C16F88C8-563E-4439-BD68-965FF7E414F9}"
EndProject
Project("{9A19103F-16F7-4668-BE54-9A1E7A4F7556}") = "DirectoryTest", "DirectoryTest\DirectoryTest.csproj", "{914A9789-690C-412E-9EF0-2D374BE09C1F}"
EndProject
Project("{FAE04EC0-301F-11D3-BF4B-00C04F79EFBC}") = "ContactDAL", "ContactDAL\ContactDAL.csproj", "{ED635FA6-E5C1-4C8F-B459-309EA9F4C29D}"
EndProject
Project("{FAE04EC0-301F-11D3-BF4B-00C04F79EFBC}") = "ContactAPI", "ContactAPI\ContactAPI.csproj", "{6993CEC6-FBF9-4B13-9736-F23C046E55DE}"
EndProject
Global
	GlobalSection(SolutionConfigurationPlatforms) = preSolution
		Debug|Any CPU = Debug|Any CPU
		Release|Any CPU = Release|Any CPU
	EndGlobalSection
	GlobalSection(ProjectConfigurationPlatforms) = postSolution
		{F3765DEB-4FB4-4ADA-BF99-8AC04DB8C404}.Debug|Any CPU.ActiveCfg = Debug|Any CPU
		{F3765DEB-4FB4-4ADA-BF99-8AC04DB8C404}.Debug|Any CPU.Build.0 = Debug|Any CPU
		{F3765DEB-4FB4-4ADA-BF99-8AC04DB8C404}.Release|Any CPU.ActiveCfg = Release|Any CPU
		{F3765DEB-4FB4-4ADA-BF99-8AC04DB8C404}.Release|Any CPU.Build.0 = Release|Any CPU
		{C16F88C8-563E-4439-BD68-965FF7E414F9}.Debug|Any CPU.ActiveCfg = Debug|Any CPU
		{C16F88C8-563E-4439-BD68-965FF7E414F9}.Debug|Any CPU.Build.0 = Debug|Any CPU
		{C16F88C8-563E-4439-BD68-965FF7E414F9}.Release|Any CPU.ActiveCfg = Release|Any CPU
		{C16F88C8-563E-4439-BD68-965FF7E414F9}.Release|Any CPU.Build.0 = Release|Any CPU
		{914A9789-690C-412E-9EF0-2D374BE09C1F}.Debug|Any CPU.ActiveCfg = Debug|Any CPU
		{914A9789-690C-412E-9EF0-2D374BE09C1F}.Debug|Any CPU.Build.0 = Debug|Any CPU
		{914A9789-690C-412E-9EF0-2D374BE09C1F}.Release|Any CPU.ActiveCfg = Release|Any CPU
		{914A9789-690C-412E-9EF0-2D374BE09C1F}.Release|Any CPU.Build.0 = Release|Any CPU
		{ED635FA6-E5C1-4C8F-B459-309EA9F4C29D}.Debug|Any CPU.ActiveCfg = Debug|Any CPU
		{ED635FA6-E5C1-4C8F-B459-309EA9F4C29D}.Debug|Any CPU.Build.0 = Debug|Any CPU
		{ED635FA6-E5C1-4C8F-B459-309EA9F4C29D}.Release|Any CPU.ActiveCfg = Release|Any CPU
		{ED635FA6-E5C1-4C8F-B459-309EA9F4C29D}.Release|Any CPU.Build.0 = Release|Any CPU
		{6993CEC6-FBF9-4B13-9736-F23C046E55DE}.Debug|Any CPU.ActiveCfg = Debug|Any CPU
		{6993CEC6-FBF9-4B13-9736-F23C046E55DE}.Debug|Any CPU.Build.0 = Debug|Any CPU
		{6993CEC6-FBF9-4B13-9736-F23C046E55DE}.Release|Any CPU.ActiveCfg = Release|Any CPU
		{6993CEC6-FBF9-4B13-9736-F23C046E55DE}.Release|Any CPU.Build.0 = Release|Any CPU
	EndGlobalSection
	GlobalSection(SolutionProperties) = preSolution
		HideSolutionNode = FALSE
	EndGlobalSection
	GlobalSection(ExtensibilityGlobals) = postSolution
		SolutionGuid = {E7B15B32-2907-44AE-8481-879977C956D8}
	EndGlobalSection
EndGlobal
